// !$*UTF8*$!
{
	archiveVersion = 1;
	classes = {
	};
	objectVersion = 50;
	objects = {

/* Begin PBXBuildFile section */
		E5302673215952DC000442E5 /* StringExtension.swift in Sources */ = {isa = PBXBuildFile; fileRef = E5302672215952DC000442E5 /* StringExtension.swift */; };
		E530267621596133000442E5 /* sse.js in Resources */ = {isa = PBXBuildFile; fileRef = E530267421596133000442E5 /* sse.js */; };
		E530267721596133000442E5 /* package.json in Resources */ = {isa = PBXBuildFile; fileRef = E530267521596133000442E5 /* package.json */; };
		E530267B21596BCC000442E5 /* EventSourceConnector.swift in Sources */ = {isa = PBXBuildFile; fileRef = E530267A21596BCC000442E5 /* EventSourceConnector.swift */; };
		E5C925CD21558E4200BE5787 /* AppDelegate.swift in Sources */ = {isa = PBXBuildFile; fileRef = E5C925CC21558E4200BE5787 /* AppDelegate.swift */; };
		E5C925CF21558E4200BE5787 /* ViewController.swift in Sources */ = {isa = PBXBuildFile; fileRef = E5C925CE21558E4200BE5787 /* ViewController.swift */; };
		E5C925D221558E4200BE5787 /* Main.storyboard in Resources */ = {isa = PBXBuildFile; fileRef = E5C925D021558E4200BE5787 /* Main.storyboard */; };
		E5C925D421558E4400BE5787 /* Assets.xcassets in Resources */ = {isa = PBXBuildFile; fileRef = E5C925D321558E4400BE5787 /* Assets.xcassets */; };
		E5C925D721558E4400BE5787 /* LaunchScreen.storyboard in Resources */ = {isa = PBXBuildFile; fileRef = E5C925D521558E4400BE5787 /* LaunchScreen.storyboard */; };
		E5C925E221558E4400BE5787 /* ServerSentEventsPOCTests.swift in Sources */ = {isa = PBXBuildFile; fileRef = E5C925E121558E4400BE5787 /* ServerSentEventsPOCTests.swift */; };
/* End PBXBuildFile section */

/* Begin PBXContainerItemProxy section */
		E5C925DE21558E4400BE5787 /* PBXContainerItemProxy */ = {
			isa = PBXContainerItemProxy;
			containerPortal = E5C925C121558E4200BE5787 /* Project object */;
			proxyType = 1;
			remoteGlobalIDString = E5C925C821558E4200BE5787;
			remoteInfo = ServerSentEventsPOC;
		};
/* End PBXContainerItemProxy section */

/* Begin PBXFileReference section */
		E5302672215952DC000442E5 /* StringExtension.swift */ = {isa = PBXFileReference; lastKnownFileType = sourcecode.swift; path = StringExtension.swift; sourceTree = "<group>"; };
		E530267421596133000442E5 /* sse.js */ = {isa = PBXFileReference; fileEncoding = 4; lastKnownFileType = sourcecode.javascript; path = sse.js; sourceTree = "<group>"; };
		E530267521596133000442E5 /* package.json */ = {isa = PBXFileReference; fileEncoding = 4; lastKnownFileType = text.json; path = package.json; sourceTree = "<group>"; };
		E530267A21596BCC000442E5 /* EventSourceConnector.swift */ = {isa = PBXFileReference; lastKnownFileType = sourcecode.swift; path = EventSourceConnector.swift; sourceTree = "<group>"; };
		E5C925C921558E4200BE5787 /* ServerSentEventsPOC.app */ = {isa = PBXFileReference; explicitFileType = wrapper.application; includeInIndex = 0; path = ServerSentEventsPOC.app; sourceTree = BUILT_PRODUCTS_DIR; };
		E5C925CC21558E4200BE5787 /* AppDelegate.swift */ = {isa = PBXFileReference; lastKnownFileType = sourcecode.swift; path = AppDelegate.swift; sourceTree = "<group>"; };
		E5C925CE21558E4200BE5787 /* ViewController.swift */ = {isa = PBXFileReference; lastKnownFileType = sourcecode.swift; path = ViewController.swift; sourceTree = "<group>"; };
		E5C925D121558E4200BE5787 /* Base */ = {isa = PBXFileReference; lastKnownFileType = file.storyboard; name = Base; path = Base.lproj/Main.storyboard; sourceTree = "<group>"; };
		E5C925D321558E4400BE5787 /* Assets.xcassets */ = {isa = PBXFileReference; lastKnownFileType = folder.assetcatalog; path = Assets.xcassets; sourceTree = "<group>"; };
		E5C925D621558E4400BE5787 /* Base */ = {isa = PBXFileReference; lastKnownFileType = file.storyboard; name = Base; path = Base.lproj/LaunchScreen.storyboard; sourceTree = "<group>"; };
		E5C925D821558E4400BE5787 /* Info.plist */ = {isa = PBXFileReference; lastKnownFileType = text.plist.xml; path = Info.plist; sourceTree = "<group>"; };
		E5C925DD21558E4400BE5787 /* ServerSentEventsPOCTests.xctest */ = {isa = PBXFileReference; explicitFileType = wrapper.cfbundle; includeInIndex = 0; path = ServerSentEventsPOCTests.xctest; sourceTree = BUILT_PRODUCTS_DIR; };
		E5C925E121558E4400BE5787 /* ServerSentEventsPOCTests.swift */ = {isa = PBXFileReference; lastKnownFileType = sourcecode.swift; path = ServerSentEventsPOCTests.swift; sourceTree = "<group>"; };
		E5C925E321558E4400BE5787 /* Info.plist */ = {isa = PBXFileReference; lastKnownFileType = text.plist.xml; path = Info.plist; sourceTree = "<group>"; };
/* End PBXFileReference section */

/* Begin PBXFrameworksBuildPhase section */
		E5C925C621558E4200BE5787 /* Frameworks */ = {
			isa = PBXFrameworksBuildPhase;
			buildActionMask = 2147483647;
			files = (
			);
			runOnlyForDeploymentPostprocessing = 0;
		};
		E5C925DA21558E4400BE5787 /* Frameworks */ = {
			isa = PBXFrameworksBuildPhase;
			buildActionMask = 2147483647;
			files = (
			);
			runOnlyForDeploymentPostprocessing = 0;
		};
/* End PBXFrameworksBuildPhase section */

/* Begin PBXGroup section */
		E530266E215950B3000442E5 /* Server */ = {
			isa = PBXGroup;
			children = (
				E530267521596133000442E5 /* package.json */,
				E530267421596133000442E5 /* sse.js */,
			);
			path = Server;
			sourceTree = "<group>";
		};
		E5C925C021558E4200BE5787 = {
			isa = PBXGroup;
			children = (
				E5C925CB21558E4200BE5787 /* ServerSentEventsPOC */,
				E5C925E021558E4400BE5787 /* ServerSentEventsPOCTests */,
				E5C925CA21558E4200BE5787 /* Products */,
			);
			sourceTree = "<group>";
		};
		E5C925CA21558E4200BE5787 /* Products */ = {
			isa = PBXGroup;
			children = (
				E5C925C921558E4200BE5787 /* ServerSentEventsPOC.app */,
				E5C925DD21558E4400BE5787 /* ServerSentEventsPOCTests.xctest */,
			);
			name = Products;
			sourceTree = "<group>";
		};
		E5C925CB21558E4200BE5787 /* ServerSentEventsPOC */ = {
			isa = PBXGroup;
			children = (
				E530266E215950B3000442E5 /* Server */,
				E5C925EC21558E5100BE5787 /* Connector */,
				E5C925CC21558E4200BE5787 /* AppDelegate.swift */,
				E5C925CE21558E4200BE5787 /* ViewController.swift */,
				E5C925D021558E4200BE5787 /* Main.storyboard */,
				E5C925D321558E4400BE5787 /* Assets.xcassets */,
				E5C925D521558E4400BE5787 /* LaunchScreen.storyboard */,
				E5C925D821558E4400BE5787 /* Info.plist */,
			);
			path = ServerSentEventsPOC;
			sourceTree = "<group>";
		};
		E5C925E021558E4400BE5787 /* ServerSentEventsPOCTests */ = {
			isa = PBXGroup;
			children = (
				E5C925E121558E4400BE5787 /* ServerSentEventsPOCTests.swift */,
				E5C925E321558E4400BE5787 /* Info.plist */,
			);
			path = ServerSentEventsPOCTests;
			sourceTree = "<group>";
		};
		E5C925EC21558E5100BE5787 /* Connector */ = {
			isa = PBXGroup;
			children = (
				E5302672215952DC000442E5 /* StringExtension.swift */,
				E530267A21596BCC000442E5 /* EventSourceConnector.swift */,
			);
			path = Connector;
			sourceTree = "<group>";
		};
/* End PBXGroup section */

/* Begin PBXNativeTarget section */
		E5C925C821558E4200BE5787 /* ServerSentEventsPOC */ = {
			isa = PBXNativeTarget;
			buildConfigurationList = E5C925E621558E4400BE5787 /* Build configuration list for PBXNativeTarget "ServerSentEventsPOC" */;
			buildPhases = (
				E5C925C521558E4200BE5787 /* Sources */,
				E5C925C621558E4200BE5787 /* Frameworks */,
				E5C925C721558E4200BE5787 /* Resources */,
			);
			buildRules = (
			);
			dependencies = (
			);
			name = ServerSentEventsPOC;
			productName = ServerSentEventsPOC;
			productReference = E5C925C921558E4200BE5787 /* ServerSentEventsPOC.app */;
			productType = "com.apple.product-type.application";
		};
		E5C925DC21558E4400BE5787 /* ServerSentEventsPOCTests */ = {
			isa = PBXNativeTarget;
			buildConfigurationList = E5C925E921558E4400BE5787 /* Build configuration list for PBXNativeTarget "ServerSentEventsPOCTests" */;
			buildPhases = (
				E5C925D921558E4400BE5787 /* Sources */,
				E5C925DA21558E4400BE5787 /* Frameworks */,
				E5C925DB21558E4400BE5787 /* Resources */,
			);
			buildRules = (
			);
			dependencies = (
				E5C925DF21558E4400BE5787 /* PBXTargetDependency */,
			);
			name = ServerSentEventsPOCTests;
			productName = ServerSentEventsPOCTests;
			productReference = E5C925DD21558E4400BE5787 /* ServerSentEventsPOCTests.xctest */;
			productType = "com.apple.product-type.bundle.unit-test";
		};
/* End PBXNativeTarget section */

/* Begin PBXProject section */
		E5C925C121558E4200BE5787 /* Project object */ = {
			isa = PBXProject;
			attributes = {
				LastSwiftUpdateCheck = 0940;
				LastUpgradeCheck = 0940;
				ORGANIZATIONNAME = Bocato;
				TargetAttributes = {
					E5C925C821558E4200BE5787 = {
						CreatedOnToolsVersion = 9.4.1;
					};
					E5C925DC21558E4400BE5787 = {
						CreatedOnToolsVersion = 9.4.1;
						TestTargetID = E5C925C821558E4200BE5787;
					};
				};
			};
			buildConfigurationList = E5C925C421558E4200BE5787 /* Build configuration list for PBXProject "ServerSentEventsPOC" */;
			compatibilityVersion = "Xcode 9.3";
			developmentRegion = en;
			hasScannedForEncodings = 0;
			knownRegions = (
				en,
				Base,
			);
			mainGroup = E5C925C021558E4200BE5787;
			productRefGroup = E5C925CA21558E4200BE5787 /* Products */;
			projectDirPath = "";
			projectRoot = "";
			targets = (
				E5C925C821558E4200BE5787 /* ServerSentEventsPOC */,
				E5C925DC21558E4400BE5787 /* ServerSentEventsPOCTests */,
			);
		};
/* End PBXProject section */

/* Begin PBXResourcesBuildPhase section */
		E5C925C721558E4200BE5787 /* Resources */ = {
			isa = PBXResourcesBuildPhase;
			buildActionMask = 2147483647;
			files = (
				E530267621596133000442E5 /* sse.js in Resources */,
				E5C925D721558E4400BE5787 /* LaunchScreen.storyboard in Resources */,
				E5C925D421558E4400BE5787 /* Assets.xcassets in Resources */,
				E5C925D221558E4200BE5787 /* Main.storyboard in Resources */,
				E530267721596133000442E5 /* package.json in Resources */,
			);
			runOnlyForDeploymentPostprocessing = 0;
		};
		E5C925DB21558E4400BE5787 /* Resources */ = {
			isa = PBXResourcesBuildPhase;
			buildActionMask = 2147483647;
			files = (
			);
			runOnlyForDeploymentPostprocessing = 0;
		};
/* End PBXResourcesBuildPhase section */

/* Begin PBXSourcesBuildPhase section */
		E5C925C521558E4200BE5787 /* Sources */ = {
			isa = PBXSourcesBuildPhase;
			buildActionMask = 2147483647;
			files = (
				E5302673215952DC000442E5 /* StringExtension.swift in Sources */,
				E530267B21596BCC000442E5 /* EventSourceConnector.swift in Sources */,
				E5C925CF21558E4200BE5787 /* ViewController.swift in Sources */,
				E5C925CD21558E4200BE5787 /* AppDelegate.swift in Sources */,
			);
			runOnlyForDeploymentPostprocessing = 0;
		};
		E5C925D921558E4400BE5787 /* Sources */ = {
			isa = PBXSourcesBuildPhase;
			buildActionMask = 2147483647;
			files = (
				E5C925E221558E4400BE5787 /* ServerSentEventsPOCTests.swift in Sources */,
			);
			runOnlyForDeploymentPostprocessing = 0;
		};
/* End PBXSourcesBuildPhase section */

/* Begin PBXTargetDependency section */
		E5C925DF21558E4400BE5787 /* PBXTargetDependency */ = {
			isa = PBXTargetDependency;
			target = E5C925C821558E4200BE5787 /* ServerSentEventsPOC */;
			targetProxy = E5C925DE21558E4400BE5787 /* PBXContainerItemProxy */;
		};
/* End PBXTargetDependency section */

/* Begin PBXVariantGroup section */
		E5C925D021558E4200BE5787 /* Main.storyboard */ = {
			isa = PBXVariantGroup;
			children = (
				E5C925D121558E4200BE5787 /* Base */,
			);
			name = Main.storyboard;
			sourceTree = "<group>";
		};
		E5C925D521558E4400BE5787 /* LaunchScreen.storyboard */ = {
			isa = PBXVariantGroup;
			children = (
				E5C925D621558E4400BE5787 /* Base */,
			);
			name = LaunchScreen.storyboard;
			sourceTree = "<group>";
		};
/* End PBXVariantGroup section */

/* Begin XCBuildConfiguration section */
		E5C925E421558E4400BE5787 /* Debug */ = {
			isa = XCBuildConfiguration;
			buildSettings = {
				ALWAYS_SEARCH_USER_PATHS = NO;
				CLANG_ANALYZER_NONNULL = YES;
				CLANG_ANALYZER_NUMBER_OBJECT_CONVERSION = YES_AGGRESSIVE;
				CLANG_CXX_LANGUAGE_STANDARD = "gnu++14";
				CLANG_CXX_LIBRARY = "libc++";
				CLANG_ENABLE_MODULES = YES;
				CLANG_ENABLE_OBJC_ARC = YES;
				CLANG_ENABLE_OBJC_WEAK = YES;
				CLANG_WARN_BLOCK_CAPTURE_AUTORELEASING = YES;
				CLANG_WARN_BOOL_CONVERSION = YES;
				CLANG_WARN_COMMA = YES;
				CLANG_WARN_CONSTANT_CONVERSION = YES;
				CLANG_WARN_DEPRECATED_OBJC_IMPLEMENTATIONS = YES;
				CLANG_WARN_DIRECT_OBJC_ISA_USAGE = YES_ERROR;
				CLANG_WARN_DOCUMENTATION_COMMENTS = YES;
				CLANG_WARN_EMPTY_BODY = YES;
				CLANG_WARN_ENUM_CONVERSION = YES;
				CLANG_WARN_INFINITE_RECURSION = YES;
				CLANG_WARN_INT_CONVERSION = YES;
				CLANG_WARN_NON_LITERAL_NULL_CONVERSION = YES;
				CLANG_WARN_OBJC_IMPLICIT_RETAIN_SELF = YES;
				CLANG_WARN_OBJC_LITERAL_CONVERSION = YES;
				CLANG_WARN_OBJC_ROOT_CLASS = YES_ERROR;
				CLANG_WARN_RANGE_LOOP_ANALYSIS = YES;
				CLANG_WARN_STRICT_PROTOTYPES = YES;
				CLANG_WARN_SUSPICIOUS_MOVE = YES;
				CLANG_WARN_UNGUARDED_AVAILABILITY = YES_AGGRESSIVE;
				CLANG_WARN_UNREACHABLE_CODE = YES;
				CLANG_WARN__DUPLICATE_METHOD_MATCH = YES;
				CODE_SIGN_IDENTITY = "iPhone Developer";
				COPY_PHASE_STRIP = NO;
				DEBUG_INFORMATION_FORMAT = dwarf;
				ENABLE_STRICT_OBJC_MSGSEND = YES;
				ENABLE_TESTABILITY = YES;
				GCC_C_LANGUAGE_STANDARD = gnu11;
				GCC_DYNAMIC_NO_PIC = NO;
				GCC_NO_COMMON_BLOCKS = YES;
				GCC_OPTIMIZATION_LEVEL = 0;
				GCC_PREPROCESSOR_DEFINITIONS = (
					"DEBUG=1",
					"$(inherited)",
				);
				GCC_WARN_64_TO_32_BIT_CONVERSION = YES;
				GCC_WARN_ABOUT_RETURN_TYPE = YES_ERROR;
				GCC_WARN_UNDECLARED_SELECTOR = YES;
				GCC_WARN_UNINITIALIZED_AUTOS = YES_AGGRESSIVE;
				GCC_WARN_UNUSED_FUNCTION = YES;
				GCC_WARN_UNUSED_VARIABLE = YES;
				IPHONEOS_DEPLOYMENT_TARGET = 11.4;
				MTL_ENABLE_DEBUG_INFO = YES;
				ONLY_ACTIVE_ARCH = YES;
				SDKROOT = iphoneos;
				SWIFT_ACTIVE_COMPILATION_CONDITIONS = DEBUG;
				SWIFT_OPTIMIZATION_LEVEL = "-Onone";
			};
			name = Debug;
		};
		E5C925E521558E4400BE5787 /* Release */ = {
			isa = XCBuildConfiguration;
			buildSettings = {
				ALWAYS_SEARCH_USER_PATHS = NO;
				CLANG_ANALYZER_NONNULL = YES;
				CLANG_ANALYZER_NUMBER_OBJECT_CONVERSION = YES_AGGRESSIVE;
				CLANG_CXX_LANGUAGE_STANDARD = "gnu++14";
				CLANG_CXX_LIBRARY = "libc++";
				CLANG_ENABLE_MODULES = YES;
				CLANG_ENABLE_OBJC_ARC = YES;
				CLANG_ENABLE_OBJC_WEAK = YES;
				CLANG_WARN_BLOCK_CAPTURE_AUTORELEASING = YES;
				CLANG_WARN_BOOL_CONVERSION = YES;
				CLANG_WARN_COMMA = YES;
				CLANG_WARN_CONSTANT_CONVERSION = YES;
				CLANG_WARN_DEPRECATED_OBJC_IMPLEMENTATIONS = YES;
				CLANG_WARN_DIRECT_OBJC_ISA_USAGE = YES_ERROR;
				CLANG_WARN_DOCUMENTATION_COMMENTS = YES;
				CLANG_WARN_EMPTY_BODY = YES;
				CLANG_WARN_ENUM_CONVERSION = YES;
				CLANG_WARN_INFINITE_RECURSION = YES;
				CLANG_WARN_INT_CONVERSION = YES;
				CLANG_WARN_NON_LITERAL_NULL_CONVERSION = YES;
				CLANG_WARN_OBJC_IMPLICIT_RETAIN_SELF = YES;
				CLANG_WARN_OBJC_LITERAL_CONVERSION = YES;
				CLANG_WARN_OBJC_ROOT_CLASS = YES_ERROR;
				CLANG_WARN_RANGE_LOOP_ANALYSIS = YES;
				CLANG_WARN_STRICT_PROTOTYPES = YES;
				CLANG_WARN_SUSPICIOUS_MOVE = YES;
				CLANG_WARN_UNGUARDED_AVAILABILITY = YES_AGGRESSIVE;
				CLANG_WARN_UNREACHABLE_CODE = YES;
				CLANG_WARN__DUPLICATE_METHOD_MATCH = YES;
				CODE_SIGN_IDENTITY = "iPhone Developer";
				COPY_PHASE_STRIP = NO;
				DEBUG_INFORMATION_FORMAT = "dwarf-with-dsym";
				ENABLE_NS_ASSERTIONS = NO;
				ENABLE_STRICT_OBJC_MSGSEND = YES;
				GCC_C_LANGUAGE_STANDARD = gnu11;
				GCC_NO_COMMON_BLOCKS = YES;
				GCC_WARN_64_TO_32_BIT_CONVERSION = YES;
				GCC_WARN_ABOUT_RETURN_TYPE = YES_ERROR;
				GCC_WARN_UNDECLARED_SELECTOR = YES;
				GCC_WARN_UNINITIALIZED_AUTOS = YES_AGGRESSIVE;
				GCC_WARN_UNUSED_FUNCTION = YES;
				GCC_WARN_UNUSED_VARIABLE = YES;
				IPHONEOS_DEPLOYMENT_TARGET = 11.4;
				MTL_ENABLE_DEBUG_INFO = NO;
				SDKROOT = iphoneos;
				SWIFT_COMPILATION_MODE = wholemodule;
				SWIFT_OPTIMIZATION_LEVEL = "-O";
				VALIDATE_PRODUCT = YES;
			};
			name = Release;
		};
		E5C925E721558E4400BE5787 /* Debug */ = {
			isa = XCBuildConfiguration;
			buildSettings = {
				ASSETCATALOG_COMPILER_APPICON_NAME = AppIcon;
				CODE_SIGN_STYLE = Automatic;
				DEVELOPMENT_TEAM = LJ52F3Z7TA;
				INFOPLIST_FILE = ServerSentEventsPOC/Info.plist;
				LD_RUNPATH_SEARCH_PATHS = (
					"$(inherited)",
					"@executable_path/Frameworks",
				);
				PRODUCT_BUNDLE_IDENTIFIER = com.bocato.ServerSentEventsPOC;
				PRODUCT_NAME = "$(TARGET_NAME)";
				SWIFT_VERSION = 4.0;
				TARGETED_DEVICE_FAMILY = "1,2";
			};
			name = Debug;
		};
		E5C925E821558E4400BE5787 /* Release */ = {
			isa = XCBuildConfiguration;
			buildSettings = {
				ASSETCATALOG_COMPILER_APPICON_NAME = AppIcon;
				CODE_SIGN_STYLE = Automatic;
				DEVELOPMENT_TEAM = LJ52F3Z7TA;
				INFOPLIST_FILE = ServerSentEventsPOC/Info.plist;
				LD_RUNPATH_SEARCH_PATHS = (
					"$(inherited)",
					"@executable_path/Frameworks",
				);
				PRODUCT_BUNDLE_IDENTIFIER = com.bocato.ServerSentEventsPOC;
				PRODUCT_NAME = "$(TARGET_NAME)";
				SWIFT_VERSION = 4.0;
				TARGETED_DEVICE_FAMILY = "1,2";
			};
			name = Release;
		};
		E5C925EA21558E4400BE5787 /* Debug */ = {
			isa = XCBuildConfiguration;
			buildSettings = {
				ALWAYS_EMBED_SWIFT_STANDARD_LIBRARIES = YES;
				BUNDLE_LOADER = "$(TEST_HOST)";
				CODE_SIGN_STYLE = Automatic;
				DEVELOPMENT_TEAM = LJ52F3Z7TA;
				INFOPLIST_FILE = ServerSentEventsPOCTests/Info.plist;
				LD_RUNPATH_SEARCH_PATHS = (
					"$(inherited)",
					"@executable_path/Frameworks",
					"@loader_path/Frameworks",
				);
				PRODUCT_BUNDLE_IDENTIFIER = com.bocato.ServerSentEventsPOCTests;
				PRODUCT_NAME = "$(TARGET_NAME)";
				SWIFT_VERSION = 4.0;
				TARGETED_DEVICE_FAMILY = "1,2";
				TEST_HOST = "$(BUILT_PRODUCTS_DIR)/ServerSentEventsPOC.app/ServerSentEventsPOC";
			};
			name = Debug;
		};
		E5C925EB21558E4400BE5787 /* Release */ = {
			isa = XCBuildConfiguration;
			buildSettings = {
				ALWAYS_EMBED_SWIFT_STANDARD_LIBRARIES = YES;
				BUNDLE_LOADER = "$(TEST_HOST)";
				CODE_SIGN_STYLE = Automatic;
				DEVELOPMENT_TEAM = LJ52F3Z7TA;
				INFOPLIST_FILE = ServerSentEventsPOCTests/Info.plist;
				LD_RUNPATH_SEARCH_PATHS = (
					"$(inherited)",
					"@executable_path/Frameworks",
					"@loader_path/Frameworks",
				);
				PRODUCT_BUNDLE_IDENTIFIER = com.bocato.ServerSentEventsPOCTests;
				PRODUCT_NAME = "$(TARGET_NAME)";
				SWIFT_VERSION = 4.0;
				TARGETED_DEVICE_FAMILY = "1,2";
				TEST_HOST = "$(BUILT_PRODUCTS_DIR)/ServerSentEventsPOC.app/ServerSentEventsPOC";
			};
			name = Release;
		};
/* End XCBuildConfiguration section */

/* Begin XCConfigurationList section */
		E5C925C421558E4200BE5787 /* Build configuration list for PBXProject "ServerSentEventsPOC" */ = {
			isa = XCConfigurationList;
			buildConfigurations = (
				E5C925E421558E4400BE5787 /* Debug */,
				E5C925E521558E4400BE5787 /* Release */,
			);
			defaultConfigurationIsVisible = 0;
			defaultConfigurationName = Release;
		};
		E5C925E621558E4400BE5787 /* Build configuration list for PBXNativeTarget "ServerSentEventsPOC" */ = {
			isa = XCConfigurationList;
			buildConfigurations = (
				E5C925E721558E4400BE5787 /* Debug */,
				E5C925E821558E4400BE5787 /* Release */,
			);
			defaultConfigurationIsVisible = 0;
			defaultConfigurationName = Release;
		};
		E5C925E921558E4400BE5787 /* Build configuration list for PBXNativeTarget "ServerSentEventsPOCTests" */ = {
			isa = XCConfigurationList;
			buildConfigurations = (
				E5C925EA21558E4400BE5787 /* Debug */,
				E5C925EB21558E4400BE5787 /* Release */,
			);
			defaultConfigurationIsVisible = 0;
			defaultConfigurationName = Release;
		};
/* End XCConfigurationList section */
	};
	rootObject = E5C925C121558E4200BE5787 /* Project object */;
}
